// !$*UTF8*$!
{
	archiveVersion = 1;
	classes = {
	};
	objectVersion = 50;
	objects = {

/* Begin PBXBuildFile section */
		64785899221BCF420054D1B5 /* ST3ChartAxis.swift in Sources */ = {isa = PBXBuildFile; fileRef = 64785898221BCF420054D1B5 /* ST3ChartAxis.swift */; };
		64F25440221CF3C4003F9F5F /* UIColor+Utils.swift in Sources */ = {isa = PBXBuildFile; fileRef = 64F2543F221CF3C4003F9F5F /* UIColor+Utils.swift */; };
		64F25443221CF4DA003F9F5F /* ST3ChartBarDataEntry.swift in Sources */ = {isa = PBXBuildFile; fileRef = 64F25442221CF4DA003F9F5F /* ST3ChartBarDataEntry.swift */; };
		64F25445221CF504003F9F5F /* ST3ChartBarDataSet.swift in Sources */ = {isa = PBXBuildFile; fileRef = 64F25444221CF504003F9F5F /* ST3ChartBarDataSet.swift */; };
		64F25447221CF51A003F9F5F /* ST3ChartBarData.swift in Sources */ = {isa = PBXBuildFile; fileRef = 64F25446221CF51A003F9F5F /* ST3ChartBarData.swift */; };
		64F25454221D482E003F9F5F /* ST3ChartLineDataEntry.swift in Sources */ = {isa = PBXBuildFile; fileRef = 64F25451221D482E003F9F5F /* ST3ChartLineDataEntry.swift */; };
		64F25455221D482E003F9F5F /* ST3ChartLineDataSet.swift in Sources */ = {isa = PBXBuildFile; fileRef = 64F25452221D482E003F9F5F /* ST3ChartLineDataSet.swift */; };
		64F25456221D482E003F9F5F /* ST3ChartLineData.swift in Sources */ = {isa = PBXBuildFile; fileRef = 64F25453221D482E003F9F5F /* ST3ChartLineData.swift */; };
		F55C2E7D221B9D120066D2AE /* ST3ChartData.swift in Sources */ = {isa = PBXBuildFile; fileRef = F55C2E7C221B9D120066D2AE /* ST3ChartData.swift */; };
		F58F7D72221AB79800050C88 /* AppDelegate.swift in Sources */ = {isa = PBXBuildFile; fileRef = F58F7D71221AB79800050C88 /* AppDelegate.swift */; };
		F58F7D74221AB79800050C88 /* ViewController.swift in Sources */ = {isa = PBXBuildFile; fileRef = F58F7D73221AB79800050C88 /* ViewController.swift */; };
		F58F7D77221AB79800050C88 /* Main.storyboard in Resources */ = {isa = PBXBuildFile; fileRef = F58F7D75221AB79800050C88 /* Main.storyboard */; };
		F58F7D79221AB79900050C88 /* Assets.xcassets in Resources */ = {isa = PBXBuildFile; fileRef = F58F7D78221AB79900050C88 /* Assets.xcassets */; };
		F58F7D7C221AB79900050C88 /* LaunchScreen.storyboard in Resources */ = {isa = PBXBuildFile; fileRef = F58F7D7A221AB79900050C88 /* LaunchScreen.storyboard */; };
		F58F7D84221AB87200050C88 /* ST3ChartView.swift in Sources */ = {isa = PBXBuildFile; fileRef = F58F7D83221AB87200050C88 /* ST3ChartView.swift */; };
		F58F7D87221ABCE000050C88 /* ST3ChartDataEntry.swift in Sources */ = {isa = PBXBuildFile; fileRef = F58F7D86221ABCE000050C88 /* ST3ChartDataEntry.swift */; };
		F58F7D89221ABCF900050C88 /* ST3ChartDataSet.swift in Sources */ = {isa = PBXBuildFile; fileRef = F58F7D88221ABCF900050C88 /* ST3ChartDataSet.swift */; };
/* End PBXBuildFile section */

/* Begin PBXFileReference section */
		64785898221BCF420054D1B5 /* ST3ChartAxis.swift */ = {isa = PBXFileReference; lastKnownFileType = sourcecode.swift; path = ST3ChartAxis.swift; sourceTree = "<group>"; };
		64F2543F221CF3C4003F9F5F /* UIColor+Utils.swift */ = {isa = PBXFileReference; lastKnownFileType = sourcecode.swift; path = "UIColor+Utils.swift"; sourceTree = "<group>"; };
		64F25442221CF4DA003F9F5F /* ST3ChartBarDataEntry.swift */ = {isa = PBXFileReference; lastKnownFileType = sourcecode.swift; path = ST3ChartBarDataEntry.swift; sourceTree = "<group>"; };
		64F25444221CF504003F9F5F /* ST3ChartBarDataSet.swift */ = {isa = PBXFileReference; lastKnownFileType = sourcecode.swift; path = ST3ChartBarDataSet.swift; sourceTree = "<group>"; };
		64F25446221CF51A003F9F5F /* ST3ChartBarData.swift */ = {isa = PBXFileReference; lastKnownFileType = sourcecode.swift; path = ST3ChartBarData.swift; sourceTree = "<group>"; };
		64F25451221D482E003F9F5F /* ST3ChartLineDataEntry.swift */ = {isa = PBXFileReference; fileEncoding = 4; lastKnownFileType = sourcecode.swift; path = ST3ChartLineDataEntry.swift; sourceTree = "<group>"; };
		64F25452221D482E003F9F5F /* ST3ChartLineDataSet.swift */ = {isa = PBXFileReference; fileEncoding = 4; lastKnownFileType = sourcecode.swift; path = ST3ChartLineDataSet.swift; sourceTree = "<group>"; };
		64F25453221D482E003F9F5F /* ST3ChartLineData.swift */ = {isa = PBXFileReference; fileEncoding = 4; lastKnownFileType = sourcecode.swift; path = ST3ChartLineData.swift; sourceTree = "<group>"; };
		F55C2E7C221B9D120066D2AE /* ST3ChartData.swift */ = {isa = PBXFileReference; lastKnownFileType = sourcecode.swift; path = ST3ChartData.swift; sourceTree = "<group>"; };
		F58F7D6E221AB79800050C88 /* ST3Charts.app */ = {isa = PBXFileReference; explicitFileType = wrapper.application; includeInIndex = 0; path = ST3Charts.app; sourceTree = BUILT_PRODUCTS_DIR; };
		F58F7D71221AB79800050C88 /* AppDelegate.swift */ = {isa = PBXFileReference; lastKnownFileType = sourcecode.swift; path = AppDelegate.swift; sourceTree = "<group>"; };
		F58F7D73221AB79800050C88 /* ViewController.swift */ = {isa = PBXFileReference; lastKnownFileType = sourcecode.swift; path = ViewController.swift; sourceTree = "<group>"; };
		F58F7D76221AB79800050C88 /* Base */ = {isa = PBXFileReference; lastKnownFileType = file.storyboard; name = Base; path = Base.lproj/Main.storyboard; sourceTree = "<group>"; };
		F58F7D78221AB79900050C88 /* Assets.xcassets */ = {isa = PBXFileReference; lastKnownFileType = folder.assetcatalog; path = Assets.xcassets; sourceTree = "<group>"; };
		F58F7D7B221AB79900050C88 /* Base */ = {isa = PBXFileReference; lastKnownFileType = file.storyboard; name = Base; path = Base.lproj/LaunchScreen.storyboard; sourceTree = "<group>"; };
		F58F7D7D221AB79900050C88 /* Info.plist */ = {isa = PBXFileReference; lastKnownFileType = text.plist.xml; path = Info.plist; sourceTree = "<group>"; };
		F58F7D83221AB87200050C88 /* ST3ChartView.swift */ = {isa = PBXFileReference; lastKnownFileType = sourcecode.swift; path = ST3ChartView.swift; sourceTree = "<group>"; };
		F58F7D86221ABCE000050C88 /* ST3ChartDataEntry.swift */ = {isa = PBXFileReference; lastKnownFileType = sourcecode.swift; path = ST3ChartDataEntry.swift; sourceTree = "<group>"; };
		F58F7D88221ABCF900050C88 /* ST3ChartDataSet.swift */ = {isa = PBXFileReference; lastKnownFileType = sourcecode.swift; path = ST3ChartDataSet.swift; sourceTree = "<group>"; };
/* End PBXFileReference section */

/* Begin PBXFrameworksBuildPhase section */
		F58F7D6B221AB79800050C88 /* Frameworks */ = {
			isa = PBXFrameworksBuildPhase;
			buildActionMask = 2147483647;
			files = (
			);
			runOnlyForDeploymentPostprocessing = 0;
		};
/* End PBXFrameworksBuildPhase section */

/* Begin PBXGroup section */
		64F2543E221CF3B9003F9F5F /* Utils */ = {
			isa = PBXGroup;
			children = (
				64F2543F221CF3C4003F9F5F /* UIColor+Utils.swift */,
			);
			path = Utils;
			sourceTree = "<group>";
		};
		64F25441221CF4BE003F9F5F /* Bar */ = {
			isa = PBXGroup;
			children = (
				64F25442221CF4DA003F9F5F /* ST3ChartBarDataEntry.swift */,
				64F25444221CF504003F9F5F /* ST3ChartBarDataSet.swift */,
				64F25446221CF51A003F9F5F /* ST3ChartBarData.swift */,
			);
			path = Bar;
			sourceTree = "<group>";
		};
		64F25450221D47F5003F9F5F /* Line */ = {
			isa = PBXGroup;
			children = (
				64F25451221D482E003F9F5F /* ST3ChartLineDataEntry.swift */,
				64F25452221D482E003F9F5F /* ST3ChartLineDataSet.swift */,
				64F25453221D482E003F9F5F /* ST3ChartLineData.swift */,
			);
			path = Line;
			sourceTree = "<group>";
		};
		F58F7D65221AB79800050C88 = {
			isa = PBXGroup;
			children = (
				F58F7D70221AB79800050C88 /* ST3Charts */,
			);
			sourceTree = "<group>";
		};
		F58F7D6F221AB79800050C88 /* Products */ = {
			isa = PBXGroup;
			children = (
				F58F7D6E221AB79800050C88 /* ST3Charts.app */,
			);
			name = Products;
			path = ..;
			sourceTree = "<group>";
		};
		F58F7D70221AB79800050C88 /* ST3Charts */ = {
			isa = PBXGroup;
			children = (
				64F2543E221CF3B9003F9F5F /* Utils */,
				F58F7D85221ABCD400050C88 /* Base */,
				64F25441221CF4BE003F9F5F /* Bar */,
				64F25450221D47F5003F9F5F /* Line */,
				F58F7D83221AB87200050C88 /* ST3ChartView.swift */,
				F58F7D71221AB79800050C88 /* AppDelegate.swift */,
				F58F7D73221AB79800050C88 /* ViewController.swift */,
				F58F7D75221AB79800050C88 /* Main.storyboard */,
				F58F7D78221AB79900050C88 /* Assets.xcassets */,
				F58F7D7A221AB79900050C88 /* LaunchScreen.storyboard */,
				F58F7D7D221AB79900050C88 /* Info.plist */,
				F58F7D6F221AB79800050C88 /* Products */,
			);
			path = ST3Charts;
			sourceTree = "<group>";
		};
		F58F7D85221ABCD400050C88 /* Base */ = {
			isa = PBXGroup;
			children = (
				F58F7D86221ABCE000050C88 /* ST3ChartDataEntry.swift */,
				F58F7D88221ABCF900050C88 /* ST3ChartDataSet.swift */,
				F55C2E7C221B9D120066D2AE /* ST3ChartData.swift */,
				64785898221BCF420054D1B5 /* ST3ChartAxis.swift */,
			);
			path = Base;
			sourceTree = "<group>";
		};
/* End PBXGroup section */

/* Begin PBXNativeTarget section */
		F58F7D6D221AB79800050C88 /* ST3Charts */ = {
			isa = PBXNativeTarget;
			buildConfigurationList = F58F7D80221AB79900050C88 /* Build configuration list for PBXNativeTarget "ST3Charts" */;
			buildPhases = (
				F58F7D6A221AB79800050C88 /* Sources */,
				F58F7D6B221AB79800050C88 /* Frameworks */,
				F58F7D6C221AB79800050C88 /* Resources */,
			);
			buildRules = (
			);
			dependencies = (
			);
			name = ST3Charts;
			productName = ST3Charts;
			productReference = F58F7D6E221AB79800050C88 /* ST3Charts.app */;
			productType = "com.apple.product-type.application";
		};
/* End PBXNativeTarget section */

/* Begin PBXProject section */
		F58F7D66221AB79800050C88 /* Project object */ = {
			isa = PBXProject;
			attributes = {
				LastSwiftUpdateCheck = 1010;
				LastUpgradeCheck = 1010;
				ORGANIZATIONNAME = "Kim JungMoo";
				TargetAttributes = {
					F58F7D6D221AB79800050C88 = {
						CreatedOnToolsVersion = 10.1;
					};
				};
			};
			buildConfigurationList = F58F7D69221AB79800050C88 /* Build configuration list for PBXProject "ST3Charts" */;
			compatibilityVersion = "Xcode 9.3";
			developmentRegion = en;
			hasScannedForEncodings = 0;
			knownRegions = (
				en,
				Base,
			);
			mainGroup = F58F7D65221AB79800050C88;
			productRefGroup = F58F7D6F221AB79800050C88 /* Products */;
			projectDirPath = "";
			projectRoot = "";
			targets = (
				F58F7D6D221AB79800050C88 /* ST3Charts */,
			);
		};
/* End PBXProject section */

/* Begin PBXResourcesBuildPhase section */
		F58F7D6C221AB79800050C88 /* Resources */ = {
			isa = PBXResourcesBuildPhase;
			buildActionMask = 2147483647;
			files = (
				F58F7D7C221AB79900050C88 /* LaunchScreen.storyboard in Resources */,
				F58F7D79221AB79900050C88 /* Assets.xcassets in Resources */,
				F58F7D77221AB79800050C88 /* Main.storyboard in Resources */,
			);
			runOnlyForDeploymentPostprocessing = 0;
		};
/* End PBXResourcesBuildPhase section */

/* Begin PBXSourcesBuildPhase section */
		F58F7D6A221AB79800050C88 /* Sources */ = {
			isa = PBXSourcesBuildPhase;
			buildActionMask = 2147483647;
			files = (
				F58F7D74221AB79800050C88 /* ViewController.swift in Sources */,
				F55C2E7D221B9D120066D2AE /* ST3ChartData.swift in Sources */,
				F58F7D72221AB79800050C88 /* AppDelegate.swift in Sources */,
				64785899221BCF420054D1B5 /* ST3ChartAxis.swift in Sources */,
				64F25445221CF504003F9F5F /* ST3ChartBarDataSet.swift in Sources */,
				64F25456221D482E003F9F5F /* ST3ChartLineData.swift in Sources */,
				F58F7D87221ABCE000050C88 /* ST3ChartDataEntry.swift in Sources */,
				F58F7D89221ABCF900050C88 /* ST3ChartDataSet.swift in Sources */,
				64F25455221D482E003F9F5F /* ST3ChartLineDataSet.swift in Sources */,
				64F25447221CF51A003F9F5F /* ST3ChartBarData.swift in Sources */,
				F58F7D84221AB87200050C88 /* ST3ChartView.swift in Sources */,
				64F25443221CF4DA003F9F5F /* ST3ChartBarDataEntry.swift in Sources */,
				64F25454221D482E003F9F5F /* ST3ChartLineDataEntry.swift in Sources */,
				64F25440221CF3C4003F9F5F /* UIColor+Utils.swift in Sources */,
			);
			runOnlyForDeploymentPostprocessing = 0;
		};
/* End PBXSourcesBuildPhase section */

/* Begin PBXVariantGroup section */
		F58F7D75221AB79800050C88 /* Main.storyboard */ = {
			isa = PBXVariantGroup;
			children = (
				F58F7D76221AB79800050C88 /* Base */,
			);
			name = Main.storyboard;
			sourceTree = "<group>";
		};
		F58F7D7A221AB79900050C88 /* LaunchScreen.storyboard */ = {
			isa = PBXVariantGroup;
			children = (
				F58F7D7B221AB79900050C88 /* Base */,
			);
			name = LaunchScreen.storyboard;
			sourceTree = "<group>";
		};
/* End PBXVariantGroup section */

/* Begin XCBuildConfiguration section */
		F58F7D7E221AB79900050C88 /* Debug */ = {
			isa = XCBuildConfiguration;
			buildSettings = {
				ALWAYS_SEARCH_USER_PATHS = NO;
				CLANG_ANALYZER_NONNULL = YES;
				CLANG_ANALYZER_NUMBER_OBJECT_CONVERSION = YES_AGGRESSIVE;
				CLANG_CXX_LANGUAGE_STANDARD = "gnu++14";
				CLANG_CXX_LIBRARY = "libc++";
				CLANG_ENABLE_MODULES = YES;
				CLANG_ENABLE_OBJC_ARC = YES;
				CLANG_ENABLE_OBJC_WEAK = YES;
				CLANG_WARN_BLOCK_CAPTURE_AUTORELEASING = YES;
				CLANG_WARN_BOOL_CONVERSION = YES;
				CLANG_WARN_COMMA = YES;
				CLANG_WARN_CONSTANT_CONVERSION = YES;
				CLANG_WARN_DEPRECATED_OBJC_IMPLEMENTATIONS = YES;
				CLANG_WARN_DIRECT_OBJC_ISA_USAGE = YES_ERROR;
				CLANG_WARN_DOCUMENTATION_COMMENTS = YES;
				CLANG_WARN_EMPTY_BODY = YES;
				CLANG_WARN_ENUM_CONVERSION = YES;
				CLANG_WARN_INFINITE_RECURSION = YES;
				CLANG_WARN_INT_CONVERSION = YES;
				CLANG_WARN_NON_LITERAL_NULL_CONVERSION = YES;
				CLANG_WARN_OBJC_IMPLICIT_RETAIN_SELF = YES;
				CLANG_WARN_OBJC_LITERAL_CONVERSION = YES;
				CLANG_WARN_OBJC_ROOT_CLASS = YES_ERROR;
				CLANG_WARN_RANGE_LOOP_ANALYSIS = YES;
				CLANG_WARN_STRICT_PROTOTYPES = YES;
				CLANG_WARN_SUSPICIOUS_MOVE = YES;
				CLANG_WARN_UNGUARDED_AVAILABILITY = YES_AGGRESSIVE;
				CLANG_WARN_UNREACHABLE_CODE = YES;
				CLANG_WARN__DUPLICATE_METHOD_MATCH = YES;
				CODE_SIGN_IDENTITY = "iPhone Developer";
				COPY_PHASE_STRIP = NO;
				DEBUG_INFORMATION_FORMAT = dwarf;
				ENABLE_STRICT_OBJC_MSGSEND = YES;
				ENABLE_TESTABILITY = YES;
				GCC_C_LANGUAGE_STANDARD = gnu11;
				GCC_DYNAMIC_NO_PIC = NO;
				GCC_NO_COMMON_BLOCKS = YES;
				GCC_OPTIMIZATION_LEVEL = 0;
				GCC_PREPROCESSOR_DEFINITIONS = (
					"DEBUG=1",
					"$(inherited)",
				);
				GCC_WARN_64_TO_32_BIT_CONVERSION = YES;
				GCC_WARN_ABOUT_RETURN_TYPE = YES_ERROR;
				GCC_WARN_UNDECLARED_SELECTOR = YES;
				GCC_WARN_UNINITIALIZED_AUTOS = YES_AGGRESSIVE;
				GCC_WARN_UNUSED_FUNCTION = YES;
				GCC_WARN_UNUSED_VARIABLE = YES;
				IPHONEOS_DEPLOYMENT_TARGET = 12.1;
				MTL_ENABLE_DEBUG_INFO = INCLUDE_SOURCE;
				MTL_FAST_MATH = YES;
				ONLY_ACTIVE_ARCH = YES;
				SDKROOT = iphoneos;
				SWIFT_ACTIVE_COMPILATION_CONDITIONS = DEBUG;
				SWIFT_OPTIMIZATION_LEVEL = "-Onone";
			};
			name = Debug;
		};
		F58F7D7F221AB79900050C88 /* Release */ = {
			isa = XCBuildConfiguration;
			buildSettings = {
				ALWAYS_SEARCH_USER_PATHS = NO;
				CLANG_ANALYZER_NONNULL = YES;
				CLANG_ANALYZER_NUMBER_OBJECT_CONVERSION = YES_AGGRESSIVE;
				CLANG_CXX_LANGUAGE_STANDARD = "gnu++14";
				CLANG_CXX_LIBRARY = "libc++";
				CLANG_ENABLE_MODULES = YES;
				CLANG_ENABLE_OBJC_ARC = YES;
				CLANG_ENABLE_OBJC_WEAK = YES;
				CLANG_WARN_BLOCK_CAPTURE_AUTORELEASING = YES;
				CLANG_WARN_BOOL_CONVERSION = YES;
				CLANG_WARN_COMMA = YES;
				CLANG_WARN_CONSTANT_CONVERSION = YES;
				CLANG_WARN_DEPRECATED_OBJC_IMPLEMENTATIONS = YES;
				CLANG_WARN_DIRECT_OBJC_ISA_USAGE = YES_ERROR;
				CLANG_WARN_DOCUMENTATION_COMMENTS = YES;
				CLANG_WARN_EMPTY_BODY = YES;
				CLANG_WARN_ENUM_CONVERSION = YES;
				CLANG_WARN_INFINITE_RECURSION = YES;
				CLANG_WARN_INT_CONVERSION = YES;
				CLANG_WARN_NON_LITERAL_NULL_CONVERSION = YES;
				CLANG_WARN_OBJC_IMPLICIT_RETAIN_SELF = YES;
				CLANG_WARN_OBJC_LITERAL_CONVERSION = YES;
				CLANG_WARN_OBJC_ROOT_CLASS = YES_ERROR;
				CLANG_WARN_RANGE_LOOP_ANALYSIS = YES;
				CLANG_WARN_STRICT_PROTOTYPES = YES;
				CLANG_WARN_SUSPICIOUS_MOVE = YES;
				CLANG_WARN_UNGUARDED_AVAILABILITY = YES_AGGRESSIVE;
				CLANG_WARN_UNREACHABLE_CODE = YES;
				CLANG_WARN__DUPLICATE_METHOD_MATCH = YES;
				CODE_SIGN_IDENTITY = "iPhone Developer";
				COPY_PHASE_STRIP = NO;
				DEBUG_INFORMATION_FORMAT = "dwarf-with-dsym";
				ENABLE_NS_ASSERTIONS = NO;
				ENABLE_STRICT_OBJC_MSGSEND = YES;
				GCC_C_LANGUAGE_STANDARD = gnu11;
				GCC_NO_COMMON_BLOCKS = YES;
				GCC_WARN_64_TO_32_BIT_CONVERSION = YES;
				GCC_WARN_ABOUT_RETURN_TYPE = YES_ERROR;
				GCC_WARN_UNDECLARED_SELECTOR = YES;
				GCC_WARN_UNINITIALIZED_AUTOS = YES_AGGRESSIVE;
				GCC_WARN_UNUSED_FUNCTION = YES;
				GCC_WARN_UNUSED_VARIABLE = YES;
				IPHONEOS_DEPLOYMENT_TARGET = 12.1;
				MTL_ENABLE_DEBUG_INFO = NO;
				MTL_FAST_MATH = YES;
				SDKROOT = iphoneos;
				SWIFT_COMPILATION_MODE = wholemodule;
				SWIFT_OPTIMIZATION_LEVEL = "-O";
				VALIDATE_PRODUCT = YES;
			};
			name = Release;
		};
		F58F7D81221AB79900050C88 /* Debug */ = {
			isa = XCBuildConfiguration;
			buildSettings = {
				ASSETCATALOG_COMPILER_APPICON_NAME = AppIcon;
				CODE_SIGN_STYLE = Automatic;
				DEVELOPMENT_TEAM = 9P5QVDV7V7;
				INFOPLIST_FILE = ST3Charts/Info.plist;
				LD_RUNPATH_SEARCH_PATHS = (
					"$(inherited)",
					"@executable_path/Frameworks",
				);
				PRODUCT_BUNDLE_IDENTIFIER = kr.co.station3.Dabang;
				PRODUCT_NAME = "$(TARGET_NAME)";
				SWIFT_VERSION = 4.2;
				TARGETED_DEVICE_FAMILY = "1,2";
			};
			name = Debug;
		};
		F58F7D82221AB79900050C88 /* Release */ = {
			isa = XCBuildConfiguration;
			buildSettings = {
				ASSETCATALOG_COMPILER_APPICON_NAME = AppIcon;
				CODE_SIGN_STYLE = Automatic;
				DEVELOPMENT_TEAM = 9P5QVDV7V7;
				INFOPLIST_FILE = ST3Charts/Info.plist;
				LD_RUNPATH_SEARCH_PATHS = (
					"$(inherited)",
					"@executable_path/Frameworks",
				);
				PRODUCT_BUNDLE_IDENTIFIER = kr.co.station3.Dabang;
				PRODUCT_NAME = "$(TARGET_NAME)";
				SWIFT_VERSION = 4.2;
				TARGETED_DEVICE_FAMILY = "1,2";
			};
			name = Release;
		};
/* End XCBuildConfiguration section */

/* Begin XCConfigurationList section */
		F58F7D69221AB79800050C88 /* Build configuration list for PBXProject "ST3Charts" */ = {
			isa = XCConfigurationList;
			buildConfigurations = (
				F58F7D7E221AB79900050C88 /* Debug */,
				F58F7D7F221AB79900050C88 /* Release */,
			);
			defaultConfigurationIsVisible = 0;
			defaultConfigurationName = Release;
		};
		F58F7D80221AB79900050C88 /* Build configuration list for PBXNativeTarget "ST3Charts" */ = {
			isa = XCConfigurationList;
			buildConfigurations = (
				F58F7D81221AB79900050C88 /* Debug */,
				F58F7D82221AB79900050C88 /* Release */,
			);
			defaultConfigurationIsVisible = 0;
			defaultConfigurationName = Release;
		};
/* End XCConfigurationList section */
	};
	rootObject = F58F7D66221AB79800050C88 /* Project object */;
}
